
Microsoft Visual Studio Solution File, Format Version 12.00
# Visual Studio Version 16
VisualStudioVersion = 16.0.29123.88
MinimumVisualStudioVersion = 10.0.40219.1
Project("{FAE04EC0-301F-11D3-BF4B-00C04F79EFBC}") = "RssReader", "RssReader\RssReader.csproj", "{77246662-AB1B-45F3-BE3A-03A33C835035}"
EndProject
Global
	GlobalSection(SolutionConfigurationPlatforms) = preSolution
		Debug|Any CPU = Debug|Any CPU
		Release|Any CPU = Release|Any CPU
	EndGlobalSection
	GlobalSection(ProjectConfigurationPlatforms) = postSolution
		{77246662-AB1B-45F3-BE3A-03A33C835035}.Debug|Any CPU.ActiveCfg = Debug|Any CPU
		{77246662-AB1B-45F3-BE3A-03A33C835035}.Debug|Any CPU.Build.0 = Debug|Any CPU
		{77246662-AB1B-45F3-BE3A-03A33C835035}.Release|Any CPU.ActiveCfg = Release|Any CPU
		{77246662-AB1B-45F3-BE3A-03A33C835035}.Release|Any CPU.Build.0 = Release|Any CPU
	EndGlobalSection
	GlobalSection(SolutionProperties) = preSolution
		HideSolutionNode = FALSE
	EndGlobalSection
	GlobalSection(ExtensibilityGlobals) = postSolution
		SolutionGuid = {D292D6BE-E587-4B8D-813C-634CABA46A75}
	EndGlobalSection
EndGlobal
